PODS:
  - Flutter (1.0.0)
  - RapidoReach (1.0.3):
    - Flutter
    - RapidoReachSDK (= 1.0.2)
  - RapidoReachSDK (1.0.2)

DEPENDENCIES:
  - Flutter (from `Flutter`)
  - RapidoReach (from `.symlinks/plugins/RapidoReach/ios`)

SPEC REPOS:
  trunk:
    - RapidoReachSDK

EXTERNAL SOURCES:
  Flutter:
    :path: Flutter
  RapidoReach:
    :path: ".symlinks/plugins/RapidoReach/ios"

SPEC CHECKSUMS:
  Flutter: 0e3d915762c693b495b44d77113d4970485de6ec
  RapidoReach: c8b6f8e2a9c1a154b51cb15d995e194146e6b059
  RapidoReachSDK: f3785243d5aef385e32b867e43a31c3720313b56

PODFILE CHECKSUM: aafe91acc616949ddb318b77800a7f51bffa2a4c

COCOAPODS: 1.10.0
