PODS:
  - Flutter (1.0.0)
  - RapidoReach (1.0.2):
    - Flutter
    - RapidoReachSDK (= 1.0.1)
  - RapidoReachSDK (1.0.1)

DEPENDENCIES:
  - Flutter (from `Flutter`)
  - RapidoReach (from `.symlinks/plugins/RapidoReach/ios`)

SPEC REPOS:
  trunk:
    - RapidoReachSDK

EXTERNAL SOURCES:
  Flutter:
    :path: Flutter
  RapidoReach:
    :path: ".symlinks/plugins/RapidoReach/ios"

SPEC CHECKSUMS:
  Flutter: 0e3d915762c693b495b44d77113d4970485de6ec
  RapidoReach: 9d979a188dffb459d76850cfebefcd57dfd932d6
  RapidoReachSDK: 3ceda547536add2dee14bf71bf829ef1afcd9004

PODFILE CHECKSUM: aafe91acc616949ddb318b77800a7f51bffa2a4c

COCOAPODS: 1.10.0
